lockfileVersion: 5.4

specifiers:
  fp-ts: ^2.12.3
  typescript: ^4.8.3

devDependencies:
  fp-ts: 2.12.3
  typescript: 4.8.3

packages:

  /fp-ts/2.12.3:
    resolution: {integrity: sha512-8m0XvW8kZbfnJOA4NvSVXu95mLbPf4LQGwQyqVukIYS4KzSNJiyKSmuZUmbVHteUi6MGkAJGPb0goPZqI+Tsqg==}
    dev: true

  /typescript/4.8.3:
    resolution: {integrity: sha512-goMHfm00nWPa8UvR/CPSvykqf6dVV8x/dp0c5mFTMTIu0u0FlGWRioyy7Nn0PGAdHxpJZnuO/ut+PpQ8UiHAig==}
    engines: {node: '>=4.2.0'}
    hasBin: true
    dev: true
